# This file is generated by running "yarn install" inside your project.
# Manual changes might be lost - proceed with caution!

__metadata:
  version: 8
  cacheKey: 10c0

"@actions/core@npm:^1.10.1":
  version: 1.10.1
  resolution: "@actions/core@npm:1.10.1"
  dependencies:
    "@actions/http-client": "npm:^2.0.1"
    uuid: "npm:^8.3.2"
  checksum: 7a61446697a23dcad3545cf0634dedbdedf20ae9a0ee6ee977554589a15deb4a93593ee48a41258933d58ce0778f446b0d2c162b60750956fb75e0b9560fb832
  languageName: node
  linkType: hard

"@actions/github@npm:^6.0.0":
  version: 6.0.0
  resolution: "@actions/github@npm:6.0.0"
  dependencies:
    "@actions/http-client": "npm:^2.2.0"
    "@octokit/core": "npm:^5.0.1"
    "@octokit/plugin-paginate-rest": "npm:^9.0.0"
    "@octokit/plugin-rest-endpoint-methods": "npm:^10.0.0"
  checksum: 6f86f564e6ec5873c69ff23bed308cef5f964dbdb559c5415c1ba479517bf18352713a2a757c27f8f67a3d675fdd78446cf142b27762489f697edf9c58e72378
  languageName: node
  linkType: hard

"@actions/http-client@npm:^2.0.1, @actions/http-client@npm:^2.2.0":
  version: 2.2.0
  resolution: "@actions/http-client@npm:2.2.0"
  dependencies:
    tunnel: "npm:^0.0.6"
    undici: "npm:^5.25.4"
  checksum: 868fe8529d78beb72f84ea2486e232fa6f66abe00d6ec4591b98c37e762c3d812868a3548638d75b49917961fd10ba1556916b47b1e9e4b55c266e2013c3ae8e
  languageName: node
  linkType: hard

"@esbuild/aix-ppc64@npm:0.19.11":
  version: 0.19.11
  resolution: "@esbuild/aix-ppc64@npm:0.19.11"
  conditions: os=aix & cpu=ppc64
  languageName: node
  linkType: hard

"@esbuild/android-arm64@npm:0.19.11":
  version: 0.19.11
  resolution: "@esbuild/android-arm64@npm:0.19.11"
  conditions: os=android & cpu=arm64
  languageName: node
  linkType: hard

"@esbuild/android-arm@npm:0.19.11":
  version: 0.19.11
  resolution: "@esbuild/android-arm@npm:0.19.11"
  conditions: os=android & cpu=arm
  languageName: node
  linkType: hard

"@esbuild/android-x64@npm:0.19.11":
  version: 0.19.11
  resolution: "@esbuild/android-x64@npm:0.19.11"
  conditions: os=android & cpu=x64
  languageName: node
  linkType: hard

"@esbuild/darwin-arm64@npm:0.19.11":
  version: 0.19.11
  resolution: "@esbuild/darwin-arm64@npm:0.19.11"
  conditions: os=darwin & cpu=arm64
  languageName: node
  linkType: hard

"@esbuild/darwin-x64@npm:0.19.11":
  version: 0.19.11
  resolution: "@esbuild/darwin-x64@npm:0.19.11"
  conditions: os=darwin & cpu=x64
  languageName: node
  linkType: hard

"@esbuild/freebsd-arm64@npm:0.19.11":
  version: 0.19.11
  resolution: "@esbuild/freebsd-arm64@npm:0.19.11"
  conditions: os=freebsd & cpu=arm64
  languageName: node
  linkType: hard

"@esbuild/freebsd-x64@npm:0.19.11":
  version: 0.19.11
  resolution: "@esbuild/freebsd-x64@npm:0.19.11"
  conditions: os=freebsd & cpu=x64
  languageName: node
  linkType: hard

"@esbuild/linux-arm64@npm:0.19.11":
  version: 0.19.11
  resolution: "@esbuild/linux-arm64@npm:0.19.11"
  conditions: os=linux & cpu=arm64
  languageName: node
  linkType: hard

"@esbuild/linux-arm@npm:0.19.11":
  version: 0.19.11
  resolution: "@esbuild/linux-arm@npm:0.19.11"
  conditions: os=linux & cpu=arm
  languageName: node
  linkType: hard

"@esbuild/linux-ia32@npm:0.19.11":
  version: 0.19.11
  resolution: "@esbuild/linux-ia32@npm:0.19.11"
  conditions: os=linux & cpu=ia32
  languageName: node
  linkType: hard

"@esbuild/linux-loong64@npm:0.19.11":
  version: 0.19.11
  resolution: "@esbuild/linux-loong64@npm:0.19.11"
  conditions: os=linux & cpu=loong64
  languageName: node
  linkType: hard

"@esbuild/linux-mips64el@npm:0.19.11":
  version: 0.19.11
  resolution: "@esbuild/linux-mips64el@npm:0.19.11"
  conditions: os=linux & cpu=mips64el
  languageName: node
  linkType: hard

"@esbuild/linux-ppc64@npm:0.19.11":
  version: 0.19.11
  resolution: "@esbuild/linux-ppc64@npm:0.19.11"
  conditions: os=linux & cpu=ppc64
  languageName: node
  linkType: hard

"@esbuild/linux-riscv64@npm:0.19.11":
  version: 0.19.11
  resolution: "@esbuild/linux-riscv64@npm:0.19.11"
  conditions: os=linux & cpu=riscv64
  languageName: node
  linkType: hard

"@esbuild/linux-s390x@npm:0.19.11":
  version: 0.19.11
  resolution: "@esbuild/linux-s390x@npm:0.19.11"
  conditions: os=linux & cpu=s390x
  languageName: node
  linkType: hard

"@esbuild/linux-x64@npm:0.19.11":
  version: 0.19.11
  resolution: "@esbuild/linux-x64@npm:0.19.11"
  conditions: os=linux & cpu=x64
  languageName: node
  linkType: hard

"@esbuild/netbsd-x64@npm:0.19.11":
  version: 0.19.11
  resolution: "@esbuild/netbsd-x64@npm:0.19.11"
  conditions: os=netbsd & cpu=x64
  languageName: node
  linkType: hard

"@esbuild/openbsd-x64@npm:0.19.11":
  version: 0.19.11
  resolution: "@esbuild/openbsd-x64@npm:0.19.11"
  conditions: os=openbsd & cpu=x64
  languageName: node
  linkType: hard

"@esbuild/sunos-x64@npm:0.19.11":
  version: 0.19.11
  resolution: "@esbuild/sunos-x64@npm:0.19.11"
  conditions: os=sunos & cpu=x64
  languageName: node
  linkType: hard

"@esbuild/win32-arm64@npm:0.19.11":
  version: 0.19.11
  resolution: "@esbuild/win32-arm64@npm:0.19.11"
  conditions: os=win32 & cpu=arm64
  languageName: node
  linkType: hard

"@esbuild/win32-ia32@npm:0.19.11":
  version: 0.19.11
  resolution: "@esbuild/win32-ia32@npm:0.19.11"
  conditions: os=win32 & cpu=ia32
  languageName: node
  linkType: hard

"@esbuild/win32-x64@npm:0.19.11":
  version: 0.19.11
  resolution: "@esbuild/win32-x64@npm:0.19.11"
  conditions: os=win32 & cpu=x64
  languageName: node
  linkType: hard

"@fastify/busboy@npm:^2.0.0":
  version: 2.1.0
  resolution: "@fastify/busboy@npm:2.1.0"
  checksum: 7bb641080aac7cf01d88749ad331af10ba9ec3713ec07cabbe833908c75df21bd56249bb6173bdec07f5a41896b21e3689316f86684c06635da45f91ff4565a2
  languageName: node
  linkType: hard

"@klausapp/actions@workspace:.":
  version: 0.0.0-use.local
  resolution: "@klausapp/actions@workspace:."
  dependencies:
    prettier: "npm:^3.2.4"
  languageName: unknown
  linkType: soft

"@octokit/auth-token@npm:^4.0.0":
  version: 4.0.0
  resolution: "@octokit/auth-token@npm:4.0.0"
  checksum: 57acaa6c394c5abab2f74e8e1dcf4e7a16b236f713c77a54b8f08e2d14114de94b37946259e33ec2aab0566b26f724c2b71d2602352b59e541a9854897618f3c
  languageName: node
  linkType: hard

"@octokit/core@npm:^5.0.1":
  version: 5.1.0
  resolution: "@octokit/core@npm:5.1.0"
  dependencies:
    "@octokit/auth-token": "npm:^4.0.0"
    "@octokit/graphql": "npm:^7.0.0"
    "@octokit/request": "npm:^8.0.2"
    "@octokit/request-error": "npm:^5.0.0"
    "@octokit/types": "npm:^12.0.0"
    before-after-hook: "npm:^2.2.0"
    universal-user-agent: "npm:^6.0.0"
  checksum: a1d2882373b4a33cd9f6e56d76bcc82e5589a477829fc3491b1ef471a8a83fa437b339a2c76d97d9e8ea4ca12bf3ebf32e66119ba16977e542d98f1f5dd3c994
  languageName: node
  linkType: hard

"@octokit/endpoint@npm:^9.0.0":
  version: 9.0.4
  resolution: "@octokit/endpoint@npm:9.0.4"
  dependencies:
    "@octokit/types": "npm:^12.0.0"
    universal-user-agent: "npm:^6.0.0"
  checksum: f1c857c5d85afa9d7e8857f7f97dbec28d3b6ab1dc21fe35172f1bc9e5512c8a3a26edabf6b2d83bb60d700f7ad290c96be960496aa83606095630edfad06db4
  languageName: node
  linkType: hard

"@octokit/graphql@npm:^7.0.0":
  version: 7.0.2
  resolution: "@octokit/graphql@npm:7.0.2"
  dependencies:
    "@octokit/request": "npm:^8.0.1"
    "@octokit/types": "npm:^12.0.0"
    universal-user-agent: "npm:^6.0.0"
  checksum: 96e5d6b970be60877134cc147b9249534f3a79d691b9932d731d453426fa1e1a0a36111a1b0a6ab43d61309c630903a65db5559b5c800300dc26cf588f50fea8
  languageName: node
  linkType: hard

"@octokit/openapi-types@npm:^19.1.0":
  version: 19.1.0
  resolution: "@octokit/openapi-types@npm:19.1.0"
  checksum: ae8081f52b797b91a12d4f6cddc475699c9d34b06645b337adc77d30b583d8fe8506597a45c42f8f1a96bfb2a9d092cee257d8a65d718bfeed23a0d153448eea
  languageName: node
  linkType: hard

"@octokit/plugin-paginate-rest@npm:^9.0.0":
  version: 9.1.5
  resolution: "@octokit/plugin-paginate-rest@npm:9.1.5"
  dependencies:
    "@octokit/types": "npm:^12.4.0"
  peerDependencies:
    "@octokit/core": ">=5"
  checksum: a17055dff8fde5ebc03bf935294ffa4605ed714cb15252f0fa63cda1b95e738fafb5ab9748b18fbdfa5615d5f6686cbf193c6d6426e7dc4fd1dda91c87263f3b
  languageName: node
  linkType: hard

"@octokit/plugin-rest-endpoint-methods@npm:^10.0.0":
  version: 10.2.0
  resolution: "@octokit/plugin-rest-endpoint-methods@npm:10.2.0"
  dependencies:
    "@octokit/types": "npm:^12.3.0"
  peerDependencies:
    "@octokit/core": ">=5"
  checksum: 4d00a2334753955f0c3841ba8fc0880c093b94838e011864ee737d958d2d64e3d45d34fa4c8b64bccf9e13c6de81318cbd6e2b24df37992941d12f54def28432
  languageName: node
  linkType: hard

"@octokit/request-error@npm:^5.0.0":
  version: 5.0.1
  resolution: "@octokit/request-error@npm:5.0.1"
  dependencies:
    "@octokit/types": "npm:^12.0.0"
    deprecation: "npm:^2.0.0"
    once: "npm:^1.4.0"
  checksum: e72a4627120de345b54876a1f007664095e5be9d624fce2e14fccf7668cd8f5e4929d444d8fc085d48e1fb5cd548538453974aab129a669101110d6679dce6c6
  languageName: node
  linkType: hard

"@octokit/request@npm:^8.0.1, @octokit/request@npm:^8.0.2":
  version: 8.1.6
  resolution: "@octokit/request@npm:8.1.6"
  dependencies:
    "@octokit/endpoint": "npm:^9.0.0"
    "@octokit/request-error": "npm:^5.0.0"
    "@octokit/types": "npm:^12.0.0"
    universal-user-agent: "npm:^6.0.0"
  checksum: ef84418e0b1f28335c105bca2b1518b04797791761024d26f80f60a528cdcf468baf9897fd34f535c42af0643a598884f882bc832e68edbfe1ea530c2df563a4
  languageName: node
  linkType: hard

"@octokit/types@npm:^12.0.0, @octokit/types@npm:^12.3.0, @octokit/types@npm:^12.4.0":
  version: 12.4.0
  resolution: "@octokit/types@npm:12.4.0"
  dependencies:
    "@octokit/openapi-types": "npm:^19.1.0"
  checksum: b52b3fd8af307a1868846991f8376548a790814b20639dee1110271a768c0489081970df893ca2230f6285066003230d22f5877eeac90418971a475c79808241
  languageName: node
  linkType: hard

"@slack/logger@npm:^4.0.0":
  version: 4.0.0
  resolution: "@slack/logger@npm:4.0.0"
  dependencies:
    "@types/node": "npm:>=18.0.0"
  checksum: 32c4b1f3b4a832a506b7661855d1da88eae307334563916b7513748171545a120abaaca5146a8beed1130b44c9e92f37511010b1205710baa778f5626cc2f7fa
  languageName: node
  linkType: hard

"@slack/types@npm:^2.9.0":
  version: 2.11.0
  resolution: "@slack/types@npm:2.11.0"
  checksum: b93b36b17b40d737f0c1c7da504dd5bab8ef84ff1b59378a72bcfc0d58ccf1f0f82ea22a3c3850cbbe1d8572e0724aa96282a390b794834d7a65d763ae13e5e1
  languageName: node
  linkType: hard

"@slack/web-api@npm:^7.0.1":
  version: 7.0.1
  resolution: "@slack/web-api@npm:7.0.1"
  dependencies:
    "@slack/logger": "npm:^4.0.0"
    "@slack/types": "npm:^2.9.0"
    "@types/node": "npm:>=18.0.0"
    axios: "npm:^1.6.5"
    eventemitter3: "npm:^5.0.1"
    form-data: "npm:^4.0.0"
    is-electron: "npm:2.2.2"
    is-stream: "npm:^2"
    p-queue: "npm:^6"
    p-retry: "npm:^4"
    retry: "npm:^0.13.1"
  checksum: 230fe35a8a9dd075020ec6858a64ae0c9d5050929f24eb695ddffe0691468ea0ea14031a841924a09ac62b8fac97931d69621a20c38fb57593ea726a444511fc
  languageName: node
  linkType: hard

"@types/lodash.template@npm:^4.5.3":
  version: 4.5.3
  resolution: "@types/lodash.template@npm:4.5.3"
  dependencies:
    "@types/lodash": "npm:*"
  checksum: 207e0d010eb6db5e78053fff077a9c32350451495967824ef8b596a98389ccf473a489cd4c8f96fb08933e6fc18c4785e2c2095f2bd31a9ff9792c39392c9730
  languageName: node
  linkType: hard

"@types/lodash@npm:*":
  version: 4.14.202
  resolution: "@types/lodash@npm:4.14.202"
  checksum: 6064d43c8f454170841bd67c8266cc9069d9e570a72ca63f06bceb484cb4a3ee60c9c1f305c1b9e3a87826049fd41124b8ef265c4dd08b00f6766609c7fe9973
  languageName: node
  linkType: hard

"@types/node@npm:>=18.0.0, @types/node@npm:^20.11.5":
  version: 20.11.5
  resolution: "@types/node@npm:20.11.5"
  dependencies:
    undici-types: "npm:~5.26.4"
  checksum: 6d18cec852f5cfbed3ec42b5c01c026e7a3f9da540d6e3d6738d4cee9979fb308cf27b6df7ba40a6553e7bc82e678f0ef53ba6e6ad52e5b86bd97b7783c2a42c
  languageName: node
  linkType: hard

"@types/retry@npm:0.12.0":
  version: 0.12.0
  resolution: "@types/retry@npm:0.12.0"
  checksum: 7c5c9086369826f569b83a4683661557cab1361bac0897a1cefa1a915ff739acd10ca0d62b01071046fe3f5a3f7f2aec80785fe283b75602dc6726781ea3e328
  languageName: node
  linkType: hard

"asynckit@npm:^0.4.0":
  version: 0.4.0
  resolution: "asynckit@npm:0.4.0"
  checksum: d73e2ddf20c4eb9337e1b3df1a0f6159481050a5de457c55b14ea2e5cb6d90bb69e004c9af54737a5ee0917fcf2c9e25de67777bbe58261847846066ba75bc9d
  languageName: node
  linkType: hard

"axios@npm:^1.6.5":
  version: 1.6.5
  resolution: "axios@npm:1.6.5"
  dependencies:
    follow-redirects: "npm:^1.15.4"
    form-data: "npm:^4.0.0"
    proxy-from-env: "npm:^1.1.0"
  checksum: aeb9acf87590d8aa67946072ced38e01ca71f5dfe043782c0ccea667e5dd5c45830c08afac9be3d7c894f09684b8ab2a458f497d197b73621233bcf202d9d468
  languageName: node
  linkType: hard

"before-after-hook@npm:^2.2.0":
  version: 2.2.3
  resolution: "before-after-hook@npm:2.2.3"
  checksum: 0488c4ae12df758ca9d49b3bb27b47fd559677965c52cae7b335784724fb8bf96c42b6e5ba7d7afcbc31facb0e294c3ef717cc41c5bc2f7bd9e76f8b90acd31c
  languageName: node
  linkType: hard

"combined-stream@npm:^1.0.8":
  version: 1.0.8
  resolution: "combined-stream@npm:1.0.8"
  dependencies:
    delayed-stream: "npm:~1.0.0"
  checksum: 0dbb829577e1b1e839fa82b40c07ffaf7de8a09b935cadd355a73652ae70a88b4320db322f6634a4ad93424292fa80973ac6480986247f1734a1137debf271d5
  languageName: node
  linkType: hard

"delayed-stream@npm:~1.0.0":
  version: 1.0.0
  resolution: "delayed-stream@npm:1.0.0"
  checksum: d758899da03392e6712f042bec80aa293bbe9e9ff1b2634baae6a360113e708b91326594c8a486d475c69d6259afb7efacdc3537bfcda1c6c648e390ce601b19
  languageName: node
  linkType: hard

"deprecation@npm:^2.0.0":
  version: 2.3.1
  resolution: "deprecation@npm:2.3.1"
  checksum: 23d688ba66b74d09b908c40a76179418acbeeb0bfdf218c8075c58ad8d0c315130cb91aa3dffb623aa3a411a3569ce56c6460de6c8d69071c17fe6dd2442f032
  languageName: node
  linkType: hard

"esbuild@npm:^0.19.11":
  version: 0.19.11
  resolution: "esbuild@npm:0.19.11"
  dependencies:
    "@esbuild/aix-ppc64": "npm:0.19.11"
    "@esbuild/android-arm": "npm:0.19.11"
    "@esbuild/android-arm64": "npm:0.19.11"
    "@esbuild/android-x64": "npm:0.19.11"
    "@esbuild/darwin-arm64": "npm:0.19.11"
    "@esbuild/darwin-x64": "npm:0.19.11"
    "@esbuild/freebsd-arm64": "npm:0.19.11"
    "@esbuild/freebsd-x64": "npm:0.19.11"
    "@esbuild/linux-arm": "npm:0.19.11"
    "@esbuild/linux-arm64": "npm:0.19.11"
    "@esbuild/linux-ia32": "npm:0.19.11"
    "@esbuild/linux-loong64": "npm:0.19.11"
    "@esbuild/linux-mips64el": "npm:0.19.11"
    "@esbuild/linux-ppc64": "npm:0.19.11"
    "@esbuild/linux-riscv64": "npm:0.19.11"
    "@esbuild/linux-s390x": "npm:0.19.11"
    "@esbuild/linux-x64": "npm:0.19.11"
    "@esbuild/netbsd-x64": "npm:0.19.11"
    "@esbuild/openbsd-x64": "npm:0.19.11"
    "@esbuild/sunos-x64": "npm:0.19.11"
    "@esbuild/win32-arm64": "npm:0.19.11"
    "@esbuild/win32-ia32": "npm:0.19.11"
    "@esbuild/win32-x64": "npm:0.19.11"
  dependenciesMeta:
    "@esbuild/aix-ppc64":
      optional: true
    "@esbuild/android-arm":
      optional: true
    "@esbuild/android-arm64":
      optional: true
    "@esbuild/android-x64":
      optional: true
    "@esbuild/darwin-arm64":
      optional: true
    "@esbuild/darwin-x64":
      optional: true
    "@esbuild/freebsd-arm64":
      optional: true
    "@esbuild/freebsd-x64":
      optional: true
    "@esbuild/linux-arm":
      optional: true
    "@esbuild/linux-arm64":
      optional: true
    "@esbuild/linux-ia32":
      optional: true
    "@esbuild/linux-loong64":
      optional: true
    "@esbuild/linux-mips64el":
      optional: true
    "@esbuild/linux-ppc64":
      optional: true
    "@esbuild/linux-riscv64":
      optional: true
    "@esbuild/linux-s390x":
      optional: true
    "@esbuild/linux-x64":
      optional: true
    "@esbuild/netbsd-x64":
      optional: true
    "@esbuild/openbsd-x64":
      optional: true
    "@esbuild/sunos-x64":
      optional: true
    "@esbuild/win32-arm64":
      optional: true
    "@esbuild/win32-ia32":
      optional: true
    "@esbuild/win32-x64":
      optional: true
  bin:
    esbuild: bin/esbuild
  checksum: 0fd913124089e26d30ec30f73b94d4ef9607935251df3253f869106980a5d4c78aa517738c8746abe6e933262e91a77d31427ce468ed8fc7fe498a20f7f92fbc
  languageName: node
  linkType: hard

"eventemitter3@npm:^4.0.4":
  version: 4.0.7
  resolution: "eventemitter3@npm:4.0.7"
  checksum: 5f6d97cbcbac47be798e6355e3a7639a84ee1f7d9b199a07017f1d2f1e2fe236004d14fa5dfaeba661f94ea57805385e326236a6debbc7145c8877fbc0297c6b
  languageName: node
  linkType: hard

"eventemitter3@npm:^5.0.1":
  version: 5.0.1
  resolution: "eventemitter3@npm:5.0.1"
  checksum: 4ba5c00c506e6c786b4d6262cfbce90ddc14c10d4667e5c83ae993c9de88aa856033994dd2b35b83e8dc1170e224e66a319fa80adc4c32adcd2379bbc75da814
  languageName: node
  linkType: hard

"follow-redirects@npm:^1.15.4":
  version: 1.15.5
  resolution: "follow-redirects@npm:1.15.5"
  peerDependenciesMeta:
    debug:
      optional: true
  checksum: 418d71688ceaf109dfd6f85f747a0c75de30afe43a294caa211def77f02ef19865b547dfb73fde82b751e1cc507c06c754120b848fe5a7400b0a669766df7615
  languageName: node
  linkType: hard

"form-data@npm:^4.0.0":
  version: 4.0.0
  resolution: "form-data@npm:4.0.0"
  dependencies:
    asynckit: "npm:^0.4.0"
    combined-stream: "npm:^1.0.8"
    mime-types: "npm:^2.1.12"
  checksum: cb6f3ac49180be03ff07ba3ff125f9eba2ff0b277fb33c7fc47569fc5e616882c5b1c69b9904c4c4187e97dd0419dd03b134174756f296dec62041e6527e2c6e
  languageName: node
  linkType: hard

"is-electron@npm:2.2.2":
  version: 2.2.2
  resolution: "is-electron@npm:2.2.2"
  checksum: 327bb373f7be01b16cdff3998b5ddaa87d28f576092affaa7fe0659571b3306fdd458afbf0683a66841e7999af13f46ad0e1b51647b469526cd05a4dd736438a
  languageName: node
  linkType: hard

"is-stream@npm:^2":
  version: 2.0.1
  resolution: "is-stream@npm:2.0.1"
  checksum: 7c284241313fc6efc329b8d7f08e16c0efeb6baab1b4cd0ba579eb78e5af1aa5da11e68559896a2067cd6c526bd29241dda4eb1225e627d5aa1a89a76d4635a5
  languageName: node
  linkType: hard

"lodash._reinterpolate@npm:^3.0.0":
  version: 3.0.0
  resolution: "lodash._reinterpolate@npm:3.0.0"
  checksum: cdf592374b5e9eb6d6290a9a07c7d90f6e632cca4949da2a26ae9897ab13f138f3294fd5e81de3e5d997717f6e26c06747a9ad3413c043fd36c0d87504d97da6
  languageName: node
  linkType: hard

"lodash.template@npm:^4.5.0":
  version: 4.5.0
  resolution: "lodash.template@npm:4.5.0"
  dependencies:
    lodash._reinterpolate: "npm:^3.0.0"
    lodash.templatesettings: "npm:^4.0.0"
  checksum: 62a02b397f72542fa9a989d9fc1a94fc1cb94ced8009fa5c37956746c0cf460279e844126c2abfbf7e235fe27e8b7ee8e6efbf6eac247a06aa05b05457fda817
  languageName: node
  linkType: hard

"lodash.templatesettings@npm:^4.0.0":
  version: 4.2.0
  resolution: "lodash.templatesettings@npm:4.2.0"
  dependencies:
    lodash._reinterpolate: "npm:^3.0.0"
  checksum: 2609fea36ed061114dfed701666540efc978b069b2106cd819b415759ed281419893d40f85825240197f1a38a98e846f2452e2d31c6d5ccee1e006c9de820622
  languageName: node
  linkType: hard

"mime-db@npm:1.52.0":
  version: 1.52.0
  resolution: "mime-db@npm:1.52.0"
  checksum: 0557a01deebf45ac5f5777fe7740b2a5c309c6d62d40ceab4e23da9f821899ce7a900b7ac8157d4548ddbb7beffe9abc621250e6d182b0397ec7f10c7b91a5aa
  languageName: node
  linkType: hard

"mime-types@npm:^2.1.12":
  version: 2.1.35
  resolution: "mime-types@npm:2.1.35"
  dependencies:
    mime-db: "npm:1.52.0"
  checksum: 82fb07ec56d8ff1fc999a84f2f217aa46cb6ed1033fefaabd5785b9a974ed225c90dc72fff460259e66b95b73648596dbcc50d51ed69cdf464af2d237d3149b2
  languageName: node
  linkType: hard

"once@npm:^1.4.0":
  version: 1.4.0
  resolution: "once@npm:1.4.0"
  dependencies:
    wrappy: "npm:1"
  checksum: 5d48aca287dfefabd756621c5dfce5c91a549a93e9fdb7b8246bc4c4790aa2ec17b34a260530474635147aeb631a2dcc8b32c613df0675f96041cbb8244517d0
  languageName: node
  linkType: hard

"p-finally@npm:^1.0.0":
  version: 1.0.0
  resolution: "p-finally@npm:1.0.0"
  checksum: 6b8552339a71fe7bd424d01d8451eea92d379a711fc62f6b2fe64cad8a472c7259a236c9a22b4733abca0b5666ad503cb497792a0478c5af31ded793d00937e7
  languageName: node
  linkType: hard

"p-queue@npm:^6":
  version: 6.6.2
  resolution: "p-queue@npm:6.6.2"
  dependencies:
    eventemitter3: "npm:^4.0.4"
    p-timeout: "npm:^3.2.0"
  checksum: 5739ecf5806bbeadf8e463793d5e3004d08bb3f6177bd1a44a005da8fd81bb90f80e4633e1fb6f1dfd35ee663a5c0229abe26aebb36f547ad5a858347c7b0d3e
  languageName: node
  linkType: hard

"p-retry@npm:^4":
  version: 4.6.2
  resolution: "p-retry@npm:4.6.2"
  dependencies:
    "@types/retry": "npm:0.12.0"
    retry: "npm:^0.13.1"
  checksum: d58512f120f1590cfedb4c2e0c42cb3fa66f3cea8a4646632fcb834c56055bb7a6f138aa57b20cc236fb207c9d694e362e0b5c2b14d9b062f67e8925580c73b0
  languageName: node
  linkType: hard

"p-timeout@npm:^3.2.0":
  version: 3.2.0
  resolution: "p-timeout@npm:3.2.0"
  dependencies:
    p-finally: "npm:^1.0.0"
  checksum: 524b393711a6ba8e1d48137c5924749f29c93d70b671e6db761afa784726572ca06149c715632da8f70c090073afb2af1c05730303f915604fd38ee207b70a61
  languageName: node
  linkType: hard

"prettier@npm:^3.2.4":
  version: 3.2.4
  resolution: "prettier@npm:3.2.4"
  bin:
    prettier: bin/prettier.cjs
  checksum: 88dfeb78ac6096522c9a5b81f1413d875f568420d9bb6a5e5103527912519b993f2bcdcac311fcff5718d5869671d44e4f85827d3626f3a6ce32b9abc65d88e0
  languageName: node
  linkType: hard

"proxy-from-env@npm:^1.1.0":
  version: 1.1.0
  resolution: "proxy-from-env@npm:1.1.0"
  checksum: fe7dd8b1bdbbbea18d1459107729c3e4a2243ca870d26d34c2c1bcd3e4425b7bcc5112362df2d93cc7fb9746f6142b5e272fd1cc5c86ddf8580175186f6ad42b
  languageName: node
  linkType: hard

"retry@npm:^0.13.1":
  version: 0.13.1
  resolution: "retry@npm:0.13.1"
  checksum: 9ae822ee19db2163497e074ea919780b1efa00431d197c7afdb950e42bf109196774b92a49fc9821f0b8b328a98eea6017410bfc5e8a0fc19c85c6d11adb3772
  languageName: node
  linkType: hard

"slack-notify-release@workspace:slack-notify-release":
  version: 0.0.0-use.local
  resolution: "slack-notify-release@workspace:slack-notify-release"
  dependencies:
    "@actions/core": "npm:^1.10.1"
    "@actions/github": "npm:^6.0.0"
    "@slack/web-api": "npm:^7.0.1"
    "@types/lodash.template": "npm:^4.5.3"
    "@types/node": "npm:^20.11.5"
    esbuild: "npm:^0.19.11"
    lodash.template: "npm:^4.5.0"
  languageName: unknown
  linkType: soft

"tunnel@npm:^0.0.6":
  version: 0.0.6
  resolution: "tunnel@npm:0.0.6"
  checksum: e27e7e896f2426c1c747325b5f54efebc1a004647d853fad892b46d64e37591ccd0b97439470795e5262b5c0748d22beb4489a04a0a448029636670bfd801b75
  languageName: node
  linkType: hard

"undici-types@npm:~5.26.4":
  version: 5.26.5
  resolution: "undici-types@npm:5.26.5"
  checksum: bb673d7876c2d411b6eb6c560e0c571eef4a01c1c19925175d16e3a30c4c428181fb8d7ae802a261f283e4166a0ac435e2f505743aa9e45d893f9a3df017b501
  languageName: node
  linkType: hard

"undici@npm:^5.25.4":
  version: 5.28.2
  resolution: "undici@npm:5.28.2"
  dependencies:
    "@fastify/busboy": "npm:^2.0.0"
  checksum: 34385ad9b3ba85309972ee3c1b426dcd19b94a5a6aa9c54499b5f48436c0ecc13a9b1e756a7c6a953eaefa9f4263890625ece5f2719fd774b0852204f5e4d5f9
  languageName: node
  linkType: hard

"universal-user-agent@npm:^6.0.0":
  version: 6.0.1
  resolution: "universal-user-agent@npm:6.0.1"
  checksum: 5c9c46ffe19a975e11e6443640ed4c9e0ce48fcc7203325757a8414ac49940ebb0f4667f2b1fa561489d1eb22cb2d05a0f7c82ec20c5cba42e58e188fb19b187
  languageName: node
  linkType: hard

"uuid@npm:^8.3.2":
  version: 8.3.2
  resolution: "uuid@npm:8.3.2"
  bin:
    uuid: dist/bin/uuid
  checksum: bcbb807a917d374a49f475fae2e87fdca7da5e5530820ef53f65ba1d12131bd81a92ecf259cc7ce317cbe0f289e7d79fdfebcef9bfa3087c8c8a2fa304c9be54
  languageName: node
  linkType: hard

"wrappy@npm:1":
  version: 1.0.2
  resolution: "wrappy@npm:1.0.2"
  checksum: 56fece1a4018c6a6c8e28fbc88c87e0fbf4ea8fd64fc6c63b18f4acc4bd13e0ad2515189786dd2c30d3eec9663d70f4ecf699330002f8ccb547e4a18231fc9f0
  languageName: node
  linkType: hard
